
Microsoft Visual Studio Solution File, Format Version 12.00
# Visual Studio Version 17
VisualStudioVersion = 17.13.35931.197
MinimumVisualStudioVersion = 10.0.40219.1
Project("{FAE04EC0-301F-11D3-BF4B-00C04F79EFBC}") = "4915M_project", "4915M_project\4915M_project.csproj", "{65CAEED0-EE7F-41FD-B440-9BF28803CEEA}"
EndProject
Global
	GlobalSection(SolutionConfigurationPlatforms) = preSolution
		Debug|Any CPU = Debug|Any CPU
		Release|Any CPU = Release|Any CPU
	EndGlobalSection
	GlobalSection(ProjectConfigurationPlatforms) = postSolution
		{65CAEED0-EE7F-41FD-B440-9BF28803CEEA}.Debug|Any CPU.ActiveCfg = Debug|Any CPU
		{65CAEED0-EE7F-41FD-B440-9BF28803CEEA}.Debug|Any CPU.Build.0 = Debug|Any CPU
		{65CAEED0-EE7F-41FD-B440-9BF28803CEEA}.Release|Any CPU.ActiveCfg = Release|Any CPU
		{65CAEED0-EE7F-41FD-B440-9BF28803CEEA}.Release|Any CPU.Build.0 = Release|Any CPU
	EndGlobalSection
	GlobalSection(SolutionProperties) = preSolution
		HideSolutionNode = FALSE
	EndGlobalSection
	GlobalSection(ExtensibilityGlobals) = postSolution
		SolutionGuid = {D1FF7A51-35BF-4CD8-9853-4753DC317955}
	EndGlobalSection
EndGlobal
